// !$*UTF8*$!
{
	archiveVersion = 1;
	classes = {
	};
	objectVersion = 50;
	objects = {

/* Begin PBXBuildFile section */
		BB791D2F253844BF00C3704B /* LearningSwiftUIApp.swift in Sources */ = {isa = PBXBuildFile; fileRef = BB791D2E253844BF00C3704B /* LearningSwiftUIApp.swift */; };
		BB791D31253844BF00C3704B /* ContentView.swift in Sources */ = {isa = PBXBuildFile; fileRef = BB791D30253844BF00C3704B /* ContentView.swift */; };
		BB791D33253844C000C3704B /* Assets.xcassets in Resources */ = {isa = PBXBuildFile; fileRef = BB791D32253844C000C3704B /* Assets.xcassets */; };
		BB791D36253844C000C3704B /* Preview Assets.xcassets in Resources */ = {isa = PBXBuildFile; fileRef = BB791D35253844C000C3704B /* Preview Assets.xcassets */; };
		BB791D41253844C100C3704B /* LearningSwiftUITests.swift in Sources */ = {isa = PBXBuildFile; fileRef = BB791D40253844C100C3704B /* LearningSwiftUITests.swift */; };
		BB791D4C253844C100C3704B /* LearningSwiftUIUITests.swift in Sources */ = {isa = PBXBuildFile; fileRef = BB791D4B253844C100C3704B /* LearningSwiftUIUITests.swift */; };
/* End PBXBuildFile section */

/* Begin PBXContainerItemProxy section */
		BB791D3D253844C100C3704B /* PBXContainerItemProxy */ = {
			isa = PBXContainerItemProxy;
			containerPortal = BB791D23253844BF00C3704B /* Project object */;
			proxyType = 1;
			remoteGlobalIDString = BB791D2A253844BF00C3704B;
			remoteInfo = LearningSwiftUI;
		};
		BB791D48253844C100C3704B /* PBXContainerItemProxy */ = {
			isa = PBXContainerItemProxy;
			containerPortal = BB791D23253844BF00C3704B /* Project object */;
			proxyType = 1;
			remoteGlobalIDString = BB791D2A253844BF00C3704B;
			remoteInfo = LearningSwiftUI;
		};
/* End PBXContainerItemProxy section */

/* Begin PBXFileReference section */
		BB791D2B253844BF00C3704B /* LearningSwiftUI.app */ = {isa = PBXFileReference; explicitFileType = wrapper.application; includeInIndex = 0; path = LearningSwiftUI.app; sourceTree = BUILT_PRODUCTS_DIR; };
		BB791D2E253844BF00C3704B /* LearningSwiftUIApp.swift */ = {isa = PBXFileReference; lastKnownFileType = sourcecode.swift; path = LearningSwiftUIApp.swift; sourceTree = "<group>"; };
		BB791D30253844BF00C3704B /* ContentView.swift */ = {isa = PBXFileReference; lastKnownFileType = sourcecode.swift; path = ContentView.swift; sourceTree = "<group>"; };
		BB791D32253844C000C3704B /* Assets.xcassets */ = {isa = PBXFileReference; lastKnownFileType = folder.assetcatalog; path = Assets.xcassets; sourceTree = "<group>"; };
		BB791D35253844C000C3704B /* Preview Assets.xcassets */ = {isa = PBXFileReference; lastKnownFileType = folder.assetcatalog; path = "Preview Assets.xcassets"; sourceTree = "<group>"; };
		BB791D37253844C000C3704B /* Info.plist */ = {isa = PBXFileReference; lastKnownFileType = text.plist.xml; path = Info.plist; sourceTree = "<group>"; };
		BB791D3C253844C100C3704B /* LearningSwiftUITests.xctest */ = {isa = PBXFileReference; explicitFileType = wrapper.cfbundle; includeInIndex = 0; path = LearningSwiftUITests.xctest; sourceTree = BUILT_PRODUCTS_DIR; };
		BB791D40253844C100C3704B /* LearningSwiftUITests.swift */ = {isa = PBXFileReference; lastKnownFileType = sourcecode.swift; path = LearningSwiftUITests.swift; sourceTree = "<group>"; };
		BB791D42253844C100C3704B /* Info.plist */ = {isa = PBXFileReference; lastKnownFileType = text.plist.xml; path = Info.plist; sourceTree = "<group>"; };
		BB791D47253844C100C3704B /* LearningSwiftUIUITests.xctest */ = {isa = PBXFileReference; explicitFileType = wrapper.cfbundle; includeInIndex = 0; path = LearningSwiftUIUITests.xctest; sourceTree = BUILT_PRODUCTS_DIR; };
		BB791D4B253844C100C3704B /* LearningSwiftUIUITests.swift */ = {isa = PBXFileReference; lastKnownFileType = sourcecode.swift; path = LearningSwiftUIUITests.swift; sourceTree = "<group>"; };
		BB791D4D253844C100C3704B /* Info.plist */ = {isa = PBXFileReference; lastKnownFileType = text.plist.xml; path = Info.plist; sourceTree = "<group>"; };
/* End PBXFileReference section */

/* Begin PBXFrameworksBuildPhase section */
		BB791D28253844BF00C3704B /* Frameworks */ = {
			isa = PBXFrameworksBuildPhase;
			buildActionMask = 2147483647;
			files = (
			);
			runOnlyForDeploymentPostprocessing = 0;
		};
		BB791D39253844C100C3704B /* Frameworks */ = {
			isa = PBXFrameworksBuildPhase;
			buildActionMask = 2147483647;
			files = (
			);
			runOnlyForDeploymentPostprocessing = 0;
		};
		BB791D44253844C100C3704B /* Frameworks */ = {
			isa = PBXFrameworksBuildPhase;
			buildActionMask = 2147483647;
			files = (
			);
			runOnlyForDeploymentPostprocessing = 0;
		};
/* End PBXFrameworksBuildPhase section */

/* Begin PBXGroup section */
		BB791D22253844BF00C3704B = {
			isa = PBXGroup;
			children = (
				BB791D2D253844BF00C3704B /* LearningSwiftUI */,
				BB791D3F253844C100C3704B /* LearningSwiftUITests */,
				BB791D4A253844C100C3704B /* LearningSwiftUIUITests */,
				BB791D2C253844BF00C3704B /* Products */,
			);
			sourceTree = "<group>";
		};
		BB791D2C253844BF00C3704B /* Products */ = {
			isa = PBXGroup;
			children = (
				BB791D2B253844BF00C3704B /* LearningSwiftUI.app */,
				BB791D3C253844C100C3704B /* LearningSwiftUITests.xctest */,
				BB791D47253844C100C3704B /* LearningSwiftUIUITests.xctest */,
			);
			name = Products;
			sourceTree = "<group>";
		};
		BB791D2D253844BF00C3704B /* LearningSwiftUI */ = {
			isa = PBXGroup;
			children = (
				BB791D2E253844BF00C3704B /* LearningSwiftUIApp.swift */,
				BB791D30253844BF00C3704B /* ContentView.swift */,
				BB791D32253844C000C3704B /* Assets.xcassets */,
				BB791D37253844C000C3704B /* Info.plist */,
				BB791D34253844C000C3704B /* Preview Content */,
			);
			path = LearningSwiftUI;
			sourceTree = "<group>";
		};
		BB791D34253844C000C3704B /* Preview Content */ = {
			isa = PBXGroup;
			children = (
				BB791D35253844C000C3704B /* Preview Assets.xcassets */,
			);
			path = "Preview Content";
			sourceTree = "<group>";
		};
		BB791D3F253844C100C3704B /* LearningSwiftUITests */ = {
			isa = PBXGroup;
			children = (
				BB791D40253844C100C3704B /* LearningSwiftUITests.swift */,
				BB791D42253844C100C3704B /* Info.plist */,
			);
			path = LearningSwiftUITests;
			sourceTree = "<group>";
		};
		BB791D4A253844C100C3704B /* LearningSwiftUIUITests */ = {
			isa = PBXGroup;
			children = (
				BB791D4B253844C100C3704B /* LearningSwiftUIUITests.swift */,
				BB791D4D253844C100C3704B /* Info.plist */,
			);
			path = LearningSwiftUIUITests;
			sourceTree = "<group>";
		};
/* End PBXGroup section */

/* Begin PBXNativeTarget section */
		BB791D2A253844BF00C3704B /* LearningSwiftUI */ = {
			isa = PBXNativeTarget;
			buildConfigurationList = BB791D50253844C100C3704B /* Build configuration list for PBXNativeTarget "LearningSwiftUI" */;
			buildPhases = (
				BB791D27253844BF00C3704B /* Sources */,
				BB791D28253844BF00C3704B /* Frameworks */,
				BB791D29253844BF00C3704B /* Resources */,
			);
			buildRules = (
			);
			dependencies = (
			);
			name = LearningSwiftUI;
			productName = LearningSwiftUI;
			productReference = BB791D2B253844BF00C3704B /* LearningSwiftUI.app */;
			productType = "com.apple.product-type.application";
		};
		BB791D3B253844C100C3704B /* LearningSwiftUITests */ = {
			isa = PBXNativeTarget;
			buildConfigurationList = BB791D53253844C100C3704B /* Build configuration list for PBXNativeTarget "LearningSwiftUITests" */;
			buildPhases = (
				BB791D38253844C100C3704B /* Sources */,
				BB791D39253844C100C3704B /* Frameworks */,
				BB791D3A253844C100C3704B /* Resources */,
			);
			buildRules = (
			);
			dependencies = (
				BB791D3E253844C100C3704B /* PBXTargetDependency */,
			);
			name = LearningSwiftUITests;
			productName = LearningSwiftUITests;
			productReference = BB791D3C253844C100C3704B /* LearningSwiftUITests.xctest */;
			productType = "com.apple.product-type.bundle.unit-test";
		};
		BB791D46253844C100C3704B /* LearningSwiftUIUITests */ = {
			isa = PBXNativeTarget;
			buildConfigurationList = BB791D56253844C100C3704B /* Build configuration list for PBXNativeTarget "LearningSwiftUIUITests" */;
			buildPhases = (
				BB791D43253844C100C3704B /* Sources */,
				BB791D44253844C100C3704B /* Frameworks */,
				BB791D45253844C100C3704B /* Resources */,
			);
			buildRules = (
			);
			dependencies = (
				BB791D49253844C100C3704B /* PBXTargetDependency */,
			);
			name = LearningSwiftUIUITests;
			productName = LearningSwiftUIUITests;
			productReference = BB791D47253844C100C3704B /* LearningSwiftUIUITests.xctest */;
			productType = "com.apple.product-type.bundle.ui-testing";
		};
/* End PBXNativeTarget section */

/* Begin PBXProject section */
		BB791D23253844BF00C3704B /* Project object */ = {
			isa = PBXProject;
			attributes = {
				LastSwiftUpdateCheck = 1200;
				LastUpgradeCheck = 1200;
				TargetAttributes = {
					BB791D2A253844BF00C3704B = {
						CreatedOnToolsVersion = 12.0;
					};
					BB791D3B253844C100C3704B = {
						CreatedOnToolsVersion = 12.0;
						TestTargetID = BB791D2A253844BF00C3704B;
					};
					BB791D46253844C100C3704B = {
						CreatedOnToolsVersion = 12.0;
						TestTargetID = BB791D2A253844BF00C3704B;
					};
				};
			};
			buildConfigurationList = BB791D26253844BF00C3704B /* Build configuration list for PBXProject "LearningSwiftUI" */;
			compatibilityVersion = "Xcode 9.3";
			developmentRegion = en;
			hasScannedForEncodings = 0;
			knownRegions = (
				en,
				Base,
			);
			mainGroup = BB791D22253844BF00C3704B;
			productRefGroup = BB791D2C253844BF00C3704B /* Products */;
			projectDirPath = "";
			projectRoot = "";
			targets = (
				BB791D2A253844BF00C3704B /* LearningSwiftUI */,
				BB791D3B253844C100C3704B /* LearningSwiftUITests */,
				BB791D46253844C100C3704B /* LearningSwiftUIUITests */,
			);
		};
/* End PBXProject section */

/* Begin PBXResourcesBuildPhase section */
		BB791D29253844BF00C3704B /* Resources */ = {
			isa = PBXResourcesBuildPhase;
			buildActionMask = 2147483647;
			files = (
				BB791D36253844C000C3704B /* Preview Assets.xcassets in Resources */,
				BB791D33253844C000C3704B /* Assets.xcassets in Resources */,
			);
			runOnlyForDeploymentPostprocessing = 0;
		};
		BB791D3A253844C100C3704B /* Resources */ = {
			isa = PBXResourcesBuildPhase;
			buildActionMask = 2147483647;
			files = (
			);
			runOnlyForDeploymentPostprocessing = 0;
		};
		BB791D45253844C100C3704B /* Resources */ = {
			isa = PBXResourcesBuildPhase;
			buildActionMask = 2147483647;
			files = (
			);
			runOnlyForDeploymentPostprocessing = 0;
		};
/* End PBXResourcesBuildPhase section */

/* Begin PBXSourcesBuildPhase section */
		BB791D27253844BF00C3704B /* Sources */ = {
			isa = PBXSourcesBuildPhase;
			buildActionMask = 2147483647;
			files = (
				BB791D31253844BF00C3704B /* ContentView.swift in Sources */,
				BB791D2F253844BF00C3704B /* LearningSwiftUIApp.swift in Sources */,
			);
			runOnlyForDeploymentPostprocessing = 0;
		};
		BB791D38253844C100C3704B /* Sources */ = {
			isa = PBXSourcesBuildPhase;
			buildActionMask = 2147483647;
			files = (
				BB791D41253844C100C3704B /* LearningSwiftUITests.swift in Sources */,
			);
			runOnlyForDeploymentPostprocessing = 0;
		};
		BB791D43253844C100C3704B /* Sources */ = {
			isa = PBXSourcesBuildPhase;
			buildActionMask = 2147483647;
			files = (
				BB791D4C253844C100C3704B /* LearningSwiftUIUITests.swift in Sources */,
			);
			runOnlyForDeploymentPostprocessing = 0;
		};
/* End PBXSourcesBuildPhase section */

/* Begin PBXTargetDependency section */
		BB791D3E253844C100C3704B /* PBXTargetDependency */ = {
			isa = PBXTargetDependency;
			target = BB791D2A253844BF00C3704B /* LearningSwiftUI */;
			targetProxy = BB791D3D253844C100C3704B /* PBXContainerItemProxy */;
		};
		BB791D49253844C100C3704B /* PBXTargetDependency */ = {
			isa = PBXTargetDependency;
			target = BB791D2A253844BF00C3704B /* LearningSwiftUI */;
			targetProxy = BB791D48253844C100C3704B /* PBXContainerItemProxy */;
		};
/* End PBXTargetDependency section */

/* Begin XCBuildConfiguration section */
		BB791D4E253844C100C3704B /* Debug */ = {
			isa = XCBuildConfiguration;
			buildSettings = {
				ALWAYS_SEARCH_USER_PATHS = NO;
				CLANG_ANALYZER_NONNULL = YES;
				CLANG_ANALYZER_NUMBER_OBJECT_CONVERSION = YES_AGGRESSIVE;
				CLANG_CXX_LANGUAGE_STANDARD = "gnu++14";
				CLANG_CXX_LIBRARY = "libc++";
				CLANG_ENABLE_MODULES = YES;
				CLANG_ENABLE_OBJC_ARC = YES;
				CLANG_ENABLE_OBJC_WEAK = YES;
				CLANG_WARN_BLOCK_CAPTURE_AUTORELEASING = YES;
				CLANG_WARN_BOOL_CONVERSION = YES;
				CLANG_WARN_COMMA = YES;
				CLANG_WARN_CONSTANT_CONVERSION = YES;
				CLANG_WARN_DEPRECATED_OBJC_IMPLEMENTATIONS = YES;
				CLANG_WARN_DIRECT_OBJC_ISA_USAGE = YES_ERROR;
				CLANG_WARN_DOCUMENTATION_COMMENTS = YES;
				CLANG_WARN_EMPTY_BODY = YES;
				CLANG_WARN_ENUM_CONVERSION = YES;
				CLANG_WARN_INFINITE_RECURSION = YES;
				CLANG_WARN_INT_CONVERSION = YES;
				CLANG_WARN_NON_LITERAL_NULL_CONVERSION = YES;
				CLANG_WARN_OBJC_IMPLICIT_RETAIN_SELF = YES;
				CLANG_WARN_OBJC_LITERAL_CONVERSION = YES;
				CLANG_WARN_OBJC_ROOT_CLASS = YES_ERROR;
				CLANG_WARN_QUOTED_INCLUDE_IN_FRAMEWORK_HEADER = YES;
				CLANG_WARN_RANGE_LOOP_ANALYSIS = YES;
				CLANG_WARN_STRICT_PROTOTYPES = YES;
				CLANG_WARN_SUSPICIOUS_MOVE = YES;
				CLANG_WARN_UNGUARDED_AVAILABILITY = YES_AGGRESSIVE;
				CLANG_WARN_UNREACHABLE_CODE = YES;
				CLANG_WARN__DUPLICATE_METHOD_MATCH = YES;
				COPY_PHASE_STRIP = NO;
				DEBUG_INFORMATION_FORMAT = dwarf;
				ENABLE_STRICT_OBJC_MSGSEND = YES;
				ENABLE_TESTABILITY = YES;
				GCC_C_LANGUAGE_STANDARD = gnu11;
				GCC_DYNAMIC_NO_PIC = NO;
				GCC_NO_COMMON_BLOCKS = YES;
				GCC_OPTIMIZATION_LEVEL = 0;
				GCC_PREPROCESSOR_DEFINITIONS = (
					"DEBUG=1",
					"$(inherited)",
				);
				GCC_WARN_64_TO_32_BIT_CONVERSION = YES;
				GCC_WARN_ABOUT_RETURN_TYPE = YES_ERROR;
				GCC_WARN_UNDECLARED_SELECTOR = YES;
				GCC_WARN_UNINITIALIZED_AUTOS = YES_AGGRESSIVE;
				GCC_WARN_UNUSED_FUNCTION = YES;
				GCC_WARN_UNUSED_VARIABLE = YES;
				IPHONEOS_DEPLOYMENT_TARGET = 14.0;
				MTL_ENABLE_DEBUG_INFO = INCLUDE_SOURCE;
				MTL_FAST_MATH = YES;
				ONLY_ACTIVE_ARCH = YES;
				SDKROOT = iphoneos;
				SWIFT_ACTIVE_COMPILATION_CONDITIONS = DEBUG;
				SWIFT_OPTIMIZATION_LEVEL = "-Onone";
			};
			name = Debug;
		};
		BB791D4F253844C100C3704B /* Release */ = {
			isa = XCBuildConfiguration;
			buildSettings = {
				ALWAYS_SEARCH_USER_PATHS = NO;
				CLANG_ANALYZER_NONNULL = YES;
				CLANG_ANALYZER_NUMBER_OBJECT_CONVERSION = YES_AGGRESSIVE;
				CLANG_CXX_LANGUAGE_STANDARD = "gnu++14";
				CLANG_CXX_LIBRARY = "libc++";
				CLANG_ENABLE_MODULES = YES;
				CLANG_ENABLE_OBJC_ARC = YES;
				CLANG_ENABLE_OBJC_WEAK = YES;
				CLANG_WARN_BLOCK_CAPTURE_AUTORELEASING = YES;
				CLANG_WARN_BOOL_CONVERSION = YES;
				CLANG_WARN_COMMA = YES;
				CLANG_WARN_CONSTANT_CONVERSION = YES;
				CLANG_WARN_DEPRECATED_OBJC_IMPLEMENTATIONS = YES;
				CLANG_WARN_DIRECT_OBJC_ISA_USAGE = YES_ERROR;
				CLANG_WARN_DOCUMENTATION_COMMENTS = YES;
				CLANG_WARN_EMPTY_BODY = YES;
				CLANG_WARN_ENUM_CONVERSION = YES;
				CLANG_WARN_INFINITE_RECURSION = YES;
				CLANG_WARN_INT_CONVERSION = YES;
				CLANG_WARN_NON_LITERAL_NULL_CONVERSION = YES;
				CLANG_WARN_OBJC_IMPLICIT_RETAIN_SELF = YES;
				CLANG_WARN_OBJC_LITERAL_CONVERSION = YES;
				CLANG_WARN_OBJC_ROOT_CLASS = YES_ERROR;
				CLANG_WARN_QUOTED_INCLUDE_IN_FRAMEWORK_HEADER = YES;
				CLANG_WARN_RANGE_LOOP_ANALYSIS = YES;
				CLANG_WARN_STRICT_PROTOTYPES = YES;
				CLANG_WARN_SUSPICIOUS_MOVE = YES;
				CLANG_WARN_UNGUARDED_AVAILABILITY = YES_AGGRESSIVE;
				CLANG_WARN_UNREACHABLE_CODE = YES;
				CLANG_WARN__DUPLICATE_METHOD_MATCH = YES;
				COPY_PHASE_STRIP = NO;
				DEBUG_INFORMATION_FORMAT = "dwarf-with-dsym";
				ENABLE_NS_ASSERTIONS = NO;
				ENABLE_STRICT_OBJC_MSGSEND = YES;
				GCC_C_LANGUAGE_STANDARD = gnu11;
				GCC_NO_COMMON_BLOCKS = YES;
				GCC_WARN_64_TO_32_BIT_CONVERSION = YES;
				GCC_WARN_ABOUT_RETURN_TYPE = YES_ERROR;
				GCC_WARN_UNDECLARED_SELECTOR = YES;
				GCC_WARN_UNINITIALIZED_AUTOS = YES_AGGRESSIVE;
				GCC_WARN_UNUSED_FUNCTION = YES;
				GCC_WARN_UNUSED_VARIABLE = YES;
				IPHONEOS_DEPLOYMENT_TARGET = 14.0;
				MTL_ENABLE_DEBUG_INFO = NO;
				MTL_FAST_MATH = YES;
				SDKROOT = iphoneos;
				SWIFT_COMPILATION_MODE = wholemodule;
				SWIFT_OPTIMIZATION_LEVEL = "-O";
				VALIDATE_PRODUCT = YES;
			};
			name = Release;
		};
		BB791D51253844C100C3704B /* Debug */ = {
			isa = XCBuildConfiguration;
			buildSettings = {
				ASSETCATALOG_COMPILER_APPICON_NAME = AppIcon;
				ASSETCATALOG_COMPILER_GLOBAL_ACCENT_COLOR_NAME = AccentColor;
				CODE_SIGN_STYLE = Automatic;
				DEVELOPMENT_ASSET_PATHS = "\"LearningSwiftUI/Preview Content\"";
				ENABLE_PREVIEWS = YES;
				INFOPLIST_FILE = LearningSwiftUI/Info.plist;
				IPHONEOS_DEPLOYMENT_TARGET = 14.0;
				LD_RUNPATH_SEARCH_PATHS = (
					"$(inherited)",
					"@executable_path/Frameworks",
				);
				PRODUCT_BUNDLE_IDENTIFIER = com.mbrdi.LearningSwiftUI;
				PRODUCT_NAME = "$(TARGET_NAME)";
				SWIFT_VERSION = 5.0;
				TARGETED_DEVICE_FAMILY = "1,2";
			};
			name = Debug;
		};
		BB791D52253844C100C3704B /* Release */ = {
			isa = XCBuildConfiguration;
			buildSettings = {
				ASSETCATALOG_COMPILER_APPICON_NAME = AppIcon;
				ASSETCATALOG_COMPILER_GLOBAL_ACCENT_COLOR_NAME = AccentColor;
				CODE_SIGN_STYLE = Automatic;
				DEVELOPMENT_ASSET_PATHS = "\"LearningSwiftUI/Preview Content\"";
				ENABLE_PREVIEWS = YES;
				INFOPLIST_FILE = LearningSwiftUI/Info.plist;
				IPHONEOS_DEPLOYMENT_TARGET = 14.0;
				LD_RUNPATH_SEARCH_PATHS = (
					"$(inherited)",
					"@executable_path/Frameworks",
				);
				PRODUCT_BUNDLE_IDENTIFIER = com.mbrdi.LearningSwiftUI;
				PRODUCT_NAME = "$(TARGET_NAME)";
				SWIFT_VERSION = 5.0;
				TARGETED_DEVICE_FAMILY = "1,2";
			};
			name = Release;
		};
		BB791D54253844C100C3704B /* Debug */ = {
			isa = XCBuildConfiguration;
			buildSettings = {
				ALWAYS_EMBED_SWIFT_STANDARD_LIBRARIES = YES;
				BUNDLE_LOADER = "$(TEST_HOST)";
				CODE_SIGN_STYLE = Automatic;
				INFOPLIST_FILE = LearningSwiftUITests/Info.plist;
				IPHONEOS_DEPLOYMENT_TARGET = 14.0;
				LD_RUNPATH_SEARCH_PATHS = (
					"$(inherited)",
					"@executable_path/Frameworks",
					"@loader_path/Frameworks",
				);
				PRODUCT_BUNDLE_IDENTIFIER = com.mbrdi.LearningSwiftUITests;
				PRODUCT_NAME = "$(TARGET_NAME)";
				SWIFT_VERSION = 5.0;
				TARGETED_DEVICE_FAMILY = "1,2";
				TEST_HOST = "$(BUILT_PRODUCTS_DIR)/LearningSwiftUI.app/LearningSwiftUI";
			};
			name = Debug;
		};
		BB791D55253844C100C3704B /* Release */ = {
			isa = XCBuildConfiguration;
			buildSettings = {
				ALWAYS_EMBED_SWIFT_STANDARD_LIBRARIES = YES;
				BUNDLE_LOADER = "$(TEST_HOST)";
				CODE_SIGN_STYLE = Automatic;
				INFOPLIST_FILE = LearningSwiftUITests/Info.plist;
				IPHONEOS_DEPLOYMENT_TARGET = 14.0;
				LD_RUNPATH_SEARCH_PATHS = (
					"$(inherited)",
					"@executable_path/Frameworks",
					"@loader_path/Frameworks",
				);
				PRODUCT_BUNDLE_IDENTIFIER = com.mbrdi.LearningSwiftUITests;
				PRODUCT_NAME = "$(TARGET_NAME)";
				SWIFT_VERSION = 5.0;
				TARGETED_DEVICE_FAMILY = "1,2";
				TEST_HOST = "$(BUILT_PRODUCTS_DIR)/LearningSwiftUI.app/LearningSwiftUI";
			};
			name = Release;
		};
		BB791D57253844C100C3704B /* Debug */ = {
			isa = XCBuildConfiguration;
			buildSettings = {
				ALWAYS_EMBED_SWIFT_STANDARD_LIBRARIES = YES;
				CODE_SIGN_STYLE = Automatic;
				INFOPLIST_FILE = LearningSwiftUIUITests/Info.plist;
				LD_RUNPATH_SEARCH_PATHS = (
					"$(inherited)",
					"@executable_path/Frameworks",
					"@loader_path/Frameworks",
				);
				PRODUCT_BUNDLE_IDENTIFIER = com.mbrdi.LearningSwiftUIUITests;
				PRODUCT_NAME = "$(TARGET_NAME)";
				SWIFT_VERSION = 5.0;
				TARGETED_DEVICE_FAMILY = "1,2";
				TEST_TARGET_NAME = LearningSwiftUI;
			};
			name = Debug;
		};
		BB791D58253844C100C3704B /* Release */ = {
			isa = XCBuildConfiguration;
			buildSettings = {
				ALWAYS_EMBED_SWIFT_STANDARD_LIBRARIES = YES;
				CODE_SIGN_STYLE = Automatic;
				INFOPLIST_FILE = LearningSwiftUIUITests/Info.plist;
				LD_RUNPATH_SEARCH_PATHS = (
					"$(inherited)",
					"@executable_path/Frameworks",
					"@loader_path/Frameworks",
				);
				PRODUCT_BUNDLE_IDENTIFIER = com.mbrdi.LearningSwiftUIUITests;
				PRODUCT_NAME = "$(TARGET_NAME)";
				SWIFT_VERSION = 5.0;
				TARGETED_DEVICE_FAMILY = "1,2";
				TEST_TARGET_NAME = LearningSwiftUI;
			};
			name = Release;
		};
/* End XCBuildConfiguration section */

/* Begin XCConfigurationList section */
		BB791D26253844BF00C3704B /* Build configuration list for PBXProject "LearningSwiftUI" */ = {
			isa = XCConfigurationList;
			buildConfigurations = (
				BB791D4E253844C100C3704B /* Debug */,
				BB791D4F253844C100C3704B /* Release */,
			);
			defaultConfigurationIsVisible = 0;
			defaultConfigurationName = Release;
		};
		BB791D50253844C100C3704B /* Build configuration list for PBXNativeTarget "LearningSwiftUI" */ = {
			isa = XCConfigurationList;
			buildConfigurations = (
				BB791D51253844C100C3704B /* Debug */,
				BB791D52253844C100C3704B /* Release */,
			);
			defaultConfigurationIsVisible = 0;
			defaultConfigurationName = Release;
		};
		BB791D53253844C100C3704B /* Build configuration list for PBXNativeTarget "LearningSwiftUITests" */ = {
			isa = XCConfigurationList;
			buildConfigurations = (
				BB791D54253844C100C3704B /* Debug */,
				BB791D55253844C100C3704B /* Release */,
			);
			defaultConfigurationIsVisible = 0;
			defaultConfigurationName = Release;
		};
		BB791D56253844C100C3704B /* Build configuration list for PBXNativeTarget "LearningSwiftUIUITests" */ = {
			isa = XCConfigurationList;
			buildConfigurations = (
				BB791D57253844C100C3704B /* Debug */,
				BB791D58253844C100C3704B /* Release */,
			);
			defaultConfigurationIsVisible = 0;
			defaultConfigurationName = Release;
		};
/* End XCConfigurationList section */
	};
	rootObject = BB791D23253844BF00C3704B /* Project object */;
}
